// !$*UTF8*$!
{
	archiveVersion = 1;
	classes = {
	};
	objectVersion = 77;
	objects = {

/* Begin PBXBuildFile section */
		4AF9CCBFA8FF22A8E38740C3 /* Pods_Ace_Technosys___UIKITTests.framework in Frameworks */ = {isa = PBXBuildFile; fileRef = ACF1CA3709F62340ACDAB88B /* Pods_Ace_Technosys___UIKITTests.framework */; };
		B938468ECAE545F6CEE0C4DA /* Pods_Ace_Technosys___UIKIT.framework in Frameworks */ = {isa = PBXBuildFile; fileRef = 585C113A982A0850288948C2 /* Pods_Ace_Technosys___UIKIT.framework */; };
		C802788450995D1339EEEEEC /* Pods_Ace_Technosys___UIKIT_Ace_Technosys___UIKITUITests.framework in Frameworks */ = {isa = PBXBuildFile; fileRef = A4AB11417791315CBCD8E99F /* Pods_Ace_Technosys___UIKIT_Ace_Technosys___UIKITUITests.framework */; };
/* End PBXBuildFile section */

/* Begin PBXContainerItemProxy section */
		2F213ECF2DAE4CCE0047D5C1 /* PBXContainerItemProxy */ = {
			isa = PBXContainerItemProxy;
			containerPortal = 2F213EB02DAE4CCC0047D5C1 /* Project object */;
			proxyType = 1;
			remoteGlobalIDString = 2F213EB72DAE4CCC0047D5C1;
			remoteInfo = "Ace-Technosys - UIKIT";
		};
		2F213ED92DAE4CCF0047D5C1 /* PBXContainerItemProxy */ = {
			isa = PBXContainerItemProxy;
			containerPortal = 2F213EB02DAE4CCC0047D5C1 /* Project object */;
			proxyType = 1;
			remoteGlobalIDString = 2F213EB72DAE4CCC0047D5C1;
			remoteInfo = "Ace-Technosys - UIKIT";
		};
/* End PBXContainerItemProxy section */

/* Begin PBXFileReference section */
		2F213EB82DAE4CCC0047D5C1 /* Ace-Technosys - UIKIT.app */ = {isa = PBXFileReference; explicitFileType = wrapper.application; includeInIndex = 0; path = "Ace-Technosys - UIKIT.app"; sourceTree = BUILT_PRODUCTS_DIR; };
		2F213ECE2DAE4CCE0047D5C1 /* Ace-Technosys - UIKITTests.xctest */ = {isa = PBXFileReference; explicitFileType = wrapper.cfbundle; includeInIndex = 0; path = "Ace-Technosys - UIKITTests.xctest"; sourceTree = BUILT_PRODUCTS_DIR; };
		2F213ED82DAE4CCF0047D5C1 /* Ace-Technosys - UIKITUITests.xctest */ = {isa = PBXFileReference; explicitFileType = wrapper.cfbundle; includeInIndex = 0; path = "Ace-Technosys - UIKITUITests.xctest"; sourceTree = BUILT_PRODUCTS_DIR; };
		31FBE85E155A0AEEAFDADFB6 /* Pods-Ace-Technosys - UIKIT-Ace-Technosys - UIKITUITests.debug.xcconfig */ = {isa = PBXFileReference; includeInIndex = 1; lastKnownFileType = text.xcconfig; name = "Pods-Ace-Technosys - UIKIT-Ace-Technosys - UIKITUITests.debug.xcconfig"; path = "Target Support Files/Pods-Ace-Technosys - UIKIT-Ace-Technosys - UIKITUITests/Pods-Ace-Technosys - UIKIT-Ace-Technosys - UIKITUITests.debug.xcconfig"; sourceTree = "<group>"; };
		585C113A982A0850288948C2 /* Pods_Ace_Technosys___UIKIT.framework */ = {isa = PBXFileReference; explicitFileType = wrapper.framework; includeInIndex = 0; path = "Pods_Ace_Technosys___UIKIT.framework"; sourceTree = BUILT_PRODUCTS_DIR; };
		62658B20A458CA5AFC954751 /* Pods-Ace-Technosys - UIKITTests.release.xcconfig */ = {isa = PBXFileReference; includeInIndex = 1; lastKnownFileType = text.xcconfig; name = "Pods-Ace-Technosys - UIKITTests.release.xcconfig"; path = "Target Support Files/Pods-Ace-Technosys - UIKITTests/Pods-Ace-Technosys - UIKITTests.release.xcconfig"; sourceTree = "<group>"; };
		65917444FF2A18ED4859D16C /* Pods-Ace-Technosys - UIKIT.release.xcconfig */ = {isa = PBXFileReference; includeInIndex = 1; lastKnownFileType = text.xcconfig; name = "Pods-Ace-Technosys - UIKIT.release.xcconfig"; path = "Target Support Files/Pods-Ace-Technosys - UIKIT/Pods-Ace-Technosys - UIKIT.release.xcconfig"; sourceTree = "<group>"; };
		6C2DE7F6F3C3EB26DDC38CEF /* Pods-Ace-Technosys - UIKIT-Ace-Technosys - UIKITUITests.release.xcconfig */ = {isa = PBXFileReference; includeInIndex = 1; lastKnownFileType = text.xcconfig; name = "Pods-Ace-Technosys - UIKIT-Ace-Technosys - UIKITUITests.release.xcconfig"; path = "Target Support Files/Pods-Ace-Technosys - UIKIT-Ace-Technosys - UIKITUITests/Pods-Ace-Technosys - UIKIT-Ace-Technosys - UIKITUITests.release.xcconfig"; sourceTree = "<group>"; };
		9555D4D5C6773229AFE12206 /* Pods-Ace-Technosys - UIKIT.debug.xcconfig */ = {isa = PBXFileReference; includeInIndex = 1; lastKnownFileType = text.xcconfig; name = "Pods-Ace-Technosys - UIKIT.debug.xcconfig"; path = "Target Support Files/Pods-Ace-Technosys - UIKIT/Pods-Ace-Technosys - UIKIT.debug.xcconfig"; sourceTree = "<group>"; };
		A4AB11417791315CBCD8E99F /* Pods_Ace_Technosys___UIKIT_Ace_Technosys___UIKITUITests.framework */ = {isa = PBXFileReference; explicitFileType = wrapper.framework; includeInIndex = 0; path = "Pods_Ace_Technosys___UIKIT_Ace_Technosys___UIKITUITests.framework"; sourceTree = BUILT_PRODUCTS_DIR; };
		ACF1CA3709F62340ACDAB88B /* Pods_Ace_Technosys___UIKITTests.framework */ = {isa = PBXFileReference; explicitFileType = wrapper.framework; includeInIndex = 0; path = "Pods_Ace_Technosys___UIKITTests.framework"; sourceTree = BUILT_PRODUCTS_DIR; };
		EADBF33D2FD986C8FF663ED8 /* Pods-Ace-Technosys - UIKITTests.debug.xcconfig */ = {isa = PBXFileReference; includeInIndex = 1; lastKnownFileType = text.xcconfig; name = "Pods-Ace-Technosys - UIKITTests.debug.xcconfig"; path = "Target Support Files/Pods-Ace-Technosys - UIKITTests/Pods-Ace-Technosys - UIKITTests.debug.xcconfig"; sourceTree = "<group>"; };
/* End PBXFileReference section */

/* Begin PBXFileSystemSynchronizedBuildFileExceptionSet section */
		2F213EE02DAE4CCF0047D5C1 /* Exceptions for "Ace-Technosys - UIKIT" folder in "Ace-Technosys - UIKIT" target */ = {
			isa = PBXFileSystemSynchronizedBuildFileExceptionSet;
			membershipExceptions = (
				Info.plist,
			);
			target = 2F213EB72DAE4CCC0047D5C1 /* Ace-Technosys - UIKIT */;
		};
/* End PBXFileSystemSynchronizedBuildFileExceptionSet section */

/* Begin PBXFileSystemSynchronizedRootGroup section */
		2F213EBA2DAE4CCC0047D5C1 /* Ace-Technosys - UIKIT */ = {
			isa = PBXFileSystemSynchronizedRootGroup;
			exceptions = (
				2F213EE02DAE4CCF0047D5C1 /* Exceptions for "Ace-Technosys - UIKIT" folder in "Ace-Technosys - UIKIT" target */,
			);
			path = "Ace-Technosys - UIKIT";
			sourceTree = "<group>";
		};
		2F213ED12DAE4CCE0047D5C1 /* Ace-Technosys - UIKITTests */ = {
			isa = PBXFileSystemSynchronizedRootGroup;
			path = "Ace-Technosys - UIKITTests";
			sourceTree = "<group>";
		};
		2F213EDB2DAE4CCF0047D5C1 /* Ace-Technosys - UIKITUITests */ = {
			isa = PBXFileSystemSynchronizedRootGroup;
			path = "Ace-Technosys - UIKITUITests";
			sourceTree = "<group>";
		};
/* End PBXFileSystemSynchronizedRootGroup section */

/* Begin PBXFrameworksBuildPhase section */
		2F213EB52DAE4CCC0047D5C1 /* Frameworks */ = {
			isa = PBXFrameworksBuildPhase;
			buildActionMask = 2147483647;
			files = (
				B938468ECAE545F6CEE0C4DA /* Pods_Ace_Technosys___UIKIT.framework in Frameworks */,
			);
			runOnlyForDeploymentPostprocessing = 0;
		};
		2F213ECB2DAE4CCE0047D5C1 /* Frameworks */ = {
			isa = PBXFrameworksBuildPhase;
			buildActionMask = 2147483647;
			files = (
				4AF9CCBFA8FF22A8E38740C3 /* Pods_Ace_Technosys___UIKITTests.framework in Frameworks */,
			);
			runOnlyForDeploymentPostprocessing = 0;
		};
		2F213ED52DAE4CCF0047D5C1 /* Frameworks */ = {
			isa = PBXFrameworksBuildPhase;
			buildActionMask = 2147483647;
			files = (
				C802788450995D1339EEEEEC /* Pods_Ace_Technosys___UIKIT_Ace_Technosys___UIKITUITests.framework in Frameworks */,
			);
			runOnlyForDeploymentPostprocessing = 0;
		};
/* End PBXFrameworksBuildPhase section */

/* Begin PBXGroup section */
		2F213EAF2DAE4CCC0047D5C1 = {
			isa = PBXGroup;
			children = (
				2F213EBA2DAE4CCC0047D5C1 /* Ace-Technosys - UIKIT */,
				2F213ED12DAE4CCE0047D5C1 /* Ace-Technosys - UIKITTests */,
				2F213EDB2DAE4CCF0047D5C1 /* Ace-Technosys - UIKITUITests */,
				2F213EB92DAE4CCC0047D5C1 /* Products */,
				3E7EA700A7B215E11AA9B0A1 /* Pods */,
				E7796E6FFDA4694B0851195E /* Frameworks */,
			);
			sourceTree = "<group>";
		};
		2F213EB92DAE4CCC0047D5C1 /* Products */ = {
			isa = PBXGroup;
			children = (
				2F213EB82DAE4CCC0047D5C1 /* Ace-Technosys - UIKIT.app */,
				2F213ECE2DAE4CCE0047D5C1 /* Ace-Technosys - UIKITTests.xctest */,
				2F213ED82DAE4CCF0047D5C1 /* Ace-Technosys - UIKITUITests.xctest */,
			);
			name = Products;
			sourceTree = "<group>";
		};
		3E7EA700A7B215E11AA9B0A1 /* Pods */ = {
			isa = PBXGroup;
			children = (
				9555D4D5C6773229AFE12206 /* Pods-Ace-Technosys - UIKIT.debug.xcconfig */,
				65917444FF2A18ED4859D16C /* Pods-Ace-Technosys - UIKIT.release.xcconfig */,
				31FBE85E155A0AEEAFDADFB6 /* Pods-Ace-Technosys - UIKIT-Ace-Technosys - UIKITUITests.debug.xcconfig */,
				6C2DE7F6F3C3EB26DDC38CEF /* Pods-Ace-Technosys - UIKIT-Ace-Technosys - UIKITUITests.release.xcconfig */,
				EADBF33D2FD986C8FF663ED8 /* Pods-Ace-Technosys - UIKITTests.debug.xcconfig */,
				62658B20A458CA5AFC954751 /* Pods-Ace-Technosys - UIKITTests.release.xcconfig */,
			);
			path = Pods;
			sourceTree = "<group>";
		};
		E7796E6FFDA4694B0851195E /* Frameworks */ = {
			isa = PBXGroup;
			children = (
				585C113A982A0850288948C2 /* Pods_Ace_Technosys___UIKIT.framework */,
				A4AB11417791315CBCD8E99F /* Pods_Ace_Technosys___UIKIT_Ace_Technosys___UIKITUITests.framework */,
				ACF1CA3709F62340ACDAB88B /* Pods_Ace_Technosys___UIKITTests.framework */,
			);
			name = Frameworks;
			sourceTree = "<group>";
		};
/* End PBXGroup section */

/* Begin PBXNativeTarget section */
		2F213EB72DAE4CCC0047D5C1 /* Ace-Technosys - UIKIT */ = {
			isa = PBXNativeTarget;
			buildConfigurationList = 2F213EE12DAE4CCF0047D5C1 /* Build configuration list for PBXNativeTarget "Ace-Technosys - UIKIT" */;
			buildPhases = (
				871CDFDF019C572F3D03CF3D /* [CP] Check Pods Manifest.lock */,
				2F213EB42DAE4CCC0047D5C1 /* Sources */,
				2F213EB52DAE4CCC0047D5C1 /* Frameworks */,
				2F213EB62DAE4CCC0047D5C1 /* Resources */,
				7F564309B1CBAE246F49B008 /* [CP] Embed Pods Frameworks */,
			);
			buildRules = (
			);
			dependencies = (
			);
			fileSystemSynchronizedGroups = (
				2F213EBA2DAE4CCC0047D5C1 /* Ace-Technosys - UIKIT */,
			);
			name = "Ace-Technosys - UIKIT";
			productName = "Ace-Technosys - UIKIT";
			productReference = 2F213EB82DAE4CCC0047D5C1 /* Ace-Technosys - UIKIT.app */;
			productType = "com.apple.product-type.application";
		};
		2F213ECD2DAE4CCE0047D5C1 /* Ace-Technosys - UIKITTests */ = {
			isa = PBXNativeTarget;
			buildConfigurationList = 2F213EE62DAE4CCF0047D5C1 /* Build configuration list for PBXNativeTarget "Ace-Technosys - UIKITTests" */;
			buildPhases = (
				9C8E43AE8FB105741796ECC5 /* [CP] Check Pods Manifest.lock */,
				2F213ECA2DAE4CCE0047D5C1 /* Sources */,
				2F213ECB2DAE4CCE0047D5C1 /* Frameworks */,
				2F213ECC2DAE4CCE0047D5C1 /* Resources */,
			);
			buildRules = (
			);
			dependencies = (
				2F213ED02DAE4CCE0047D5C1 /* PBXTargetDependency */,
			);
			fileSystemSynchronizedGroups = (
				2F213ED12DAE4CCE0047D5C1 /* Ace-Technosys - UIKITTests */,
			);
			name = "Ace-Technosys - UIKITTests";
			productName = "Ace-Technosys - UIKITTests";
			productReference = 2F213ECE2DAE4CCE0047D5C1 /* Ace-Technosys - UIKITTests.xctest */;
			productType = "com.apple.product-type.bundle.unit-test";
		};
		2F213ED72DAE4CCF0047D5C1 /* Ace-Technosys - UIKITUITests */ = {
			isa = PBXNativeTarget;
			buildConfigurationList = 2F213EE92DAE4CCF0047D5C1 /* Build configuration list for PBXNativeTarget "Ace-Technosys - UIKITUITests" */;
			buildPhases = (
				B35962C0572EF8FA90CA0758 /* [CP] Check Pods Manifest.lock */,
				2F213ED42DAE4CCF0047D5C1 /* Sources */,
				2F213ED52DAE4CCF0047D5C1 /* Frameworks */,
				2F213ED62DAE4CCF0047D5C1 /* Resources */,
				4DE45A5523BAC8BCAC7831E3 /* [CP] Embed Pods Frameworks */,
			);
			buildRules = (
			);
			dependencies = (
				2F213EDA2DAE4CCF0047D5C1 /* PBXTargetDependency */,
			);
			fileSystemSynchronizedGroups = (
				2F213EDB2DAE4CCF0047D5C1 /* Ace-Technosys - UIKITUITests */,
			);
			name = "Ace-Technosys - UIKITUITests";
			productName = "Ace-Technosys - UIKITUITests";
			productReference = 2F213ED82DAE4CCF0047D5C1 /* Ace-Technosys - UIKITUITests.xctest */;
			productType = "com.apple.product-type.bundle.ui-testing";
		};
/* End PBXNativeTarget section */

/* Begin PBXProject section */
		2F213EB02DAE4CCC0047D5C1 /* Project object */ = {
			isa = PBXProject;
			attributes = {
				BuildIndependentTargetsInParallel = 1;
				LastSwiftUpdateCheck = 1620;
				LastUpgradeCheck = 1620;
				TargetAttributes = {
					2F213EB72DAE4CCC0047D5C1 = {
						CreatedOnToolsVersion = 16.2;
					};
					2F213ECD2DAE4CCE0047D5C1 = {
						CreatedOnToolsVersion = 16.2;
						TestTargetID = 2F213EB72DAE4CCC0047D5C1;
					};
					2F213ED72DAE4CCF0047D5C1 = {
						CreatedOnToolsVersion = 16.2;
						TestTargetID = 2F213EB72DAE4CCC0047D5C1;
					};
				};
			};
			buildConfigurationList = 2F213EB32DAE4CCC0047D5C1 /* Build configuration list for PBXProject "Ace-Technosys - UIKIT" */;
			developmentRegion = en;
			hasScannedForEncodings = 0;
			knownRegions = (
				en,
				Base,
			);
			mainGroup = 2F213EAF2DAE4CCC0047D5C1;
			minimizedProjectReferenceProxies = 1;
			preferredProjectObjectVersion = 77;
			productRefGroup = 2F213EB92DAE4CCC0047D5C1 /* Products */;
			projectDirPath = "";
			projectRoot = "";
			targets = (
				2F213EB72DAE4CCC0047D5C1 /* Ace-Technosys - UIKIT */,
				2F213ECD2DAE4CCE0047D5C1 /* Ace-Technosys - UIKITTests */,
				2F213ED72DAE4CCF0047D5C1 /* Ace-Technosys - UIKITUITests */,
			);
		};
/* End PBXProject section */

/* Begin PBXResourcesBuildPhase section */
		2F213EB62DAE4CCC0047D5C1 /* Resources */ = {
			isa = PBXResourcesBuildPhase;
			buildActionMask = 2147483647;
			files = (
			);
			runOnlyForDeploymentPostprocessing = 0;
		};
		2F213ECC2DAE4CCE0047D5C1 /* Resources */ = {
			isa = PBXResourcesBuildPhase;
			buildActionMask = 2147483647;
			files = (
			);
			runOnlyForDeploymentPostprocessing = 0;
		};
		2F213ED62DAE4CCF0047D5C1 /* Resources */ = {
			isa = PBXResourcesBuildPhase;
			buildActionMask = 2147483647;
			files = (
			);
			runOnlyForDeploymentPostprocessing = 0;
		};
/* End PBXResourcesBuildPhase section */

/* Begin PBXShellScriptBuildPhase section */
		4DE45A5523BAC8BCAC7831E3 /* [CP] Embed Pods Frameworks */ = {
			isa = PBXShellScriptBuildPhase;
			buildActionMask = 2147483647;
			files = (
			);
			inputFileListPaths = (
				"${PODS_ROOT}/Target Support Files/Pods-Ace-Technosys - UIKIT-Ace-Technosys - UIKITUITests/Pods-Ace-Technosys - UIKIT-Ace-Technosys - UIKITUITests-frameworks-${CONFIGURATION}-input-files.xcfilelist",
			);
			name = "[CP] Embed Pods Frameworks";
			outputFileListPaths = (
				"${PODS_ROOT}/Target Support Files/Pods-Ace-Technosys - UIKIT-Ace-Technosys - UIKITUITests/Pods-Ace-Technosys - UIKIT-Ace-Technosys - UIKITUITests-frameworks-${CONFIGURATION}-output-files.xcfilelist",
			);
			runOnlyForDeploymentPostprocessing = 0;
			shellPath = /bin/sh;
			shellScript = "\"${PODS_ROOT}/Target Support Files/Pods-Ace-Technosys - UIKIT-Ace-Technosys - UIKITUITests/Pods-Ace-Technosys - UIKIT-Ace-Technosys - UIKITUITests-frameworks.sh\"\n";
			showEnvVarsInLog = 0;
		};
		7F564309B1CBAE246F49B008 /* [CP] Embed Pods Frameworks */ = {
			isa = PBXShellScriptBuildPhase;
			buildActionMask = 2147483647;
			files = (
			);
			inputFileListPaths = (
				"${PODS_ROOT}/Target Support Files/Pods-Ace-Technosys - UIKIT/Pods-Ace-Technosys - UIKIT-frameworks-${CONFIGURATION}-input-files.xcfilelist",
			);
			name = "[CP] Embed Pods Frameworks";
			outputFileListPaths = (
				"${PODS_ROOT}/Target Support Files/Pods-Ace-Technosys - UIKIT/Pods-Ace-Technosys - UIKIT-frameworks-${CONFIGURATION}-output-files.xcfilelist",
			);
			runOnlyForDeploymentPostprocessing = 0;
			shellPath = /bin/sh;
			shellScript = "\"${PODS_ROOT}/Target Support Files/Pods-Ace-Technosys - UIKIT/Pods-Ace-Technosys - UIKIT-frameworks.sh\"\n";
			showEnvVarsInLog = 0;
		};
		871CDFDF019C572F3D03CF3D /* [CP] Check Pods Manifest.lock */ = {
			isa = PBXShellScriptBuildPhase;
			buildActionMask = 2147483647;
			files = (
			);
			inputFileListPaths = (
			);
			inputPaths = (
				"${PODS_PODFILE_DIR_PATH}/Podfile.lock",
				"${PODS_ROOT}/Manifest.lock",
			);
			name = "[CP] Check Pods Manifest.lock";
			outputFileListPaths = (
			);
			outputPaths = (
				"$(DERIVED_FILE_DIR)/Pods-Ace-Technosys - UIKIT-checkManifestLockResult.txt",
			);
			runOnlyForDeploymentPostprocessing = 0;
			shellPath = /bin/sh;
			shellScript = "diff \"${PODS_PODFILE_DIR_PATH}/Podfile.lock\" \"${PODS_ROOT}/Manifest.lock\" > /dev/null\nif [ $? != 0 ] ; then\n    # print error to STDERR\n    echo \"error: The sandbox is not in sync with the Podfile.lock. Run 'pod install' or update your CocoaPods installation.\" >&2\n    exit 1\nfi\n# This output is used by Xcode 'outputs' to avoid re-running this script phase.\necho \"SUCCESS\" > \"${SCRIPT_OUTPUT_FILE_0}\"\n";
			showEnvVarsInLog = 0;
		};
		9C8E43AE8FB105741796ECC5 /* [CP] Check Pods Manifest.lock */ = {
			isa = PBXShellScriptBuildPhase;
			buildActionMask = 2147483647;
			files = (
			);
			inputFileListPaths = (
			);
			inputPaths = (
				"${PODS_PODFILE_DIR_PATH}/Podfile.lock",
				"${PODS_ROOT}/Manifest.lock",
			);
			name = "[CP] Check Pods Manifest.lock";
			outputFileListPaths = (
			);
			outputPaths = (
				"$(DERIVED_FILE_DIR)/Pods-Ace-Technosys - UIKITTests-checkManifestLockResult.txt",
			);
			runOnlyForDeploymentPostprocessing = 0;
			shellPath = /bin/sh;
			shellScript = "diff \"${PODS_PODFILE_DIR_PATH}/Podfile.lock\" \"${PODS_ROOT}/Manifest.lock\" > /dev/null\nif [ $? != 0 ] ; then\n    # print error to STDERR\n    echo \"error: The sandbox is not in sync with the Podfile.lock. Run 'pod install' or update your CocoaPods installation.\" >&2\n    exit 1\nfi\n# This output is used by Xcode 'outputs' to avoid re-running this script phase.\necho \"SUCCESS\" > \"${SCRIPT_OUTPUT_FILE_0}\"\n";
			showEnvVarsInLog = 0;
		};
		B35962C0572EF8FA90CA0758 /* [CP] Check Pods Manifest.lock */ = {
			isa = PBXShellScriptBuildPhase;
			buildActionMask = 2147483647;
			files = (
			);
			inputFileListPaths = (
			);
			inputPaths = (
				"${PODS_PODFILE_DIR_PATH}/Podfile.lock",
				"${PODS_ROOT}/Manifest.lock",
			);
			name = "[CP] Check Pods Manifest.lock";
			outputFileListPaths = (
			);
			outputPaths = (
				"$(DERIVED_FILE_DIR)/Pods-Ace-Technosys - UIKIT-Ace-Technosys - UIKITUITests-checkManifestLockResult.txt",
			);
			runOnlyForDeploymentPostprocessing = 0;
			shellPath = /bin/sh;
			shellScript = "diff \"${PODS_PODFILE_DIR_PATH}/Podfile.lock\" \"${PODS_ROOT}/Manifest.lock\" > /dev/null\nif [ $? != 0 ] ; then\n    # print error to STDERR\n    echo \"error: The sandbox is not in sync with the Podfile.lock. Run 'pod install' or update your CocoaPods installation.\" >&2\n    exit 1\nfi\n# This output is used by Xcode 'outputs' to avoid re-running this script phase.\necho \"SUCCESS\" > \"${SCRIPT_OUTPUT_FILE_0}\"\n";
			showEnvVarsInLog = 0;
		};
/* End PBXShellScriptBuildPhase section */

/* Begin PBXSourcesBuildPhase section */
		2F213EB42DAE4CCC0047D5C1 /* Sources */ = {
			isa = PBXSourcesBuildPhase;
			buildActionMask = 2147483647;
			files = (
			);
			runOnlyForDeploymentPostprocessing = 0;
		};
		2F213ECA2DAE4CCE0047D5C1 /* Sources */ = {
			isa = PBXSourcesBuildPhase;
			buildActionMask = 2147483647;
			files = (
			);
			runOnlyForDeploymentPostprocessing = 0;
		};
		2F213ED42DAE4CCF0047D5C1 /* Sources */ = {
			isa = PBXSourcesBuildPhase;
			buildActionMask = 2147483647;
			files = (
			);
			runOnlyForDeploymentPostprocessing = 0;
		};
/* End PBXSourcesBuildPhase section */

/* Begin PBXTargetDependency section */
		2F213ED02DAE4CCE0047D5C1 /* PBXTargetDependency */ = {
			isa = PBXTargetDependency;
			target = 2F213EB72DAE4CCC0047D5C1 /* Ace-Technosys - UIKIT */;
			targetProxy = 2F213ECF2DAE4CCE0047D5C1 /* PBXContainerItemProxy */;
		};
		2F213EDA2DAE4CCF0047D5C1 /* PBXTargetDependency */ = {
			isa = PBXTargetDependency;
			target = 2F213EB72DAE4CCC0047D5C1 /* Ace-Technosys - UIKIT */;
			targetProxy = 2F213ED92DAE4CCF0047D5C1 /* PBXContainerItemProxy */;
		};
/* End PBXTargetDependency section */

/* Begin XCBuildConfiguration section */
		2F213EE22DAE4CCF0047D5C1 /* Debug */ = {
			isa = XCBuildConfiguration;
			baseConfigurationReference = 9555D4D5C6773229AFE12206 /* Pods-Ace-Technosys - UIKIT.debug.xcconfig */;
			buildSettings = {
				ASSETCATALOG_COMPILER_APPICON_NAME = AppIcon;
				ASSETCATALOG_COMPILER_GLOBAL_ACCENT_COLOR_NAME = AccentColor;
				CODE_SIGN_STYLE = Automatic;
				CURRENT_PROJECT_VERSION = 1;
				GENERATE_INFOPLIST_FILE = YES;
				INFOPLIST_FILE = "Ace-Technosys - UIKIT/Info.plist";
				INFOPLIST_KEY_UIApplicationSupportsIndirectInputEvents = YES;
				INFOPLIST_KEY_UILaunchStoryboardName = LaunchScreen;
				INFOPLIST_KEY_UIMainStoryboardFile = Main;
				INFOPLIST_KEY_UISupportedInterfaceOrientations = UIInterfaceOrientationPortrait;
				LD_RUNPATH_SEARCH_PATHS = (
					"$(inherited)",
					"@executable_path/Frameworks",
				);
				MARKETING_VERSION = 1.0;
				PRODUCT_BUNDLE_IDENTIFIER = "nimishmothghare.Ace-Technosys---UIKIT";
				PRODUCT_NAME = "$(TARGET_NAME)";
				SWIFT_EMIT_LOC_STRINGS = YES;
				SWIFT_VERSION = 5.0;
				TARGETED_DEVICE_FAMILY = "1,2";
			};
			name = Debug;
		};
		2F213EE32DAE4CCF0047D5C1 /* Release */ = {
			isa = XCBuildConfiguration;
			baseConfigurationReference = 65917444FF2A18ED4859D16C /* Pods-Ace-Technosys - UIKIT.release.xcconfig */;
			buildSettings = {
				ASSETCATALOG_COMPILER_APPICON_NAME = AppIcon;
				ASSETCATALOG_COMPILER_GLOBAL_ACCENT_COLOR_NAME = AccentColor;
				CODE_SIGN_STYLE = Automatic;
				CURRENT_PROJECT_VERSION = 1;
				GENERATE_INFOPLIST_FILE = YES;
				INFOPLIST_FILE = "Ace-Technosys - UIKIT/Info.plist";
				INFOPLIST_KEY_UIApplicationSupportsIndirectInputEvents = YES;
				INFOPLIST_KEY_UILaunchStoryboardName = LaunchScreen;
				INFOPLIST_KEY_UIMainStoryboardFile = Main;
				INFOPLIST_KEY_UISupportedInterfaceOrientations = UIInterfaceOrientationPortrait;
				LD_RUNPATH_SEARCH_PATHS = (
					"$(inherited)",
					"@executable_path/Frameworks",
				);
				MARKETING_VERSION = 1.0;
				PRODUCT_BUNDLE_IDENTIFIER = "nimishmothghare.Ace-Technosys---UIKIT";
				PRODUCT_NAME = "$(TARGET_NAME)";
				SWIFT_EMIT_LOC_STRINGS = YES;
				SWIFT_VERSION = 5.0;
				TARGETED_DEVICE_FAMILY = "1,2";
			};
			name = Release;
		};
		2F213EE42DAE4CCF0047D5C1 /* Debug */ = {
			isa = XCBuildConfiguration;
			buildSettings = {
				ALWAYS_SEARCH_USER_PATHS = NO;
				ASSETCATALOG_COMPILER_GENERATE_SWIFT_ASSET_SYMBOL_EXTENSIONS = YES;
				CLANG_ANALYZER_NONNULL = YES;
				CLANG_ANALYZER_NUMBER_OBJECT_CONVERSION = YES_AGGRESSIVE;
				CLANG_CXX_LANGUAGE_STANDARD = "gnu++20";
				CLANG_ENABLE_MODULES = YES;
				CLANG_ENABLE_OBJC_ARC = YES;
				CLANG_ENABLE_OBJC_WEAK = YES;
				CLANG_WARN_BLOCK_CAPTURE_AUTORELEASING = YES;
				CLANG_WARN_BOOL_CONVERSION = YES;
				CLANG_WARN_COMMA = YES;
				CLANG_WARN_CONSTANT_CONVERSION = YES;
				CLANG_WARN_DEPRECATED_OBJC_IMPLEMENTATIONS = YES;
				CLANG_WARN_DIRECT_OBJC_ISA_USAGE = YES_ERROR;
				CLANG_WARN_DOCUMENTATION_COMMENTS = YES;
				CLANG_WARN_EMPTY_BODY = YES;
				CLANG_WARN_ENUM_CONVERSION = YES;
				CLANG_WARN_INFINITE_RECURSION = YES;
				CLANG_WARN_INT_CONVERSION = YES;
				CLANG_WARN_NON_LITERAL_NULL_CONVERSION = YES;
				CLANG_WARN_OBJC_IMPLICIT_RETAIN_SELF = YES;
				CLANG_WARN_OBJC_LITERAL_CONVERSION = YES;
				CLANG_WARN_OBJC_ROOT_CLASS = YES_ERROR;
				CLANG_WARN_QUOTED_INCLUDE_IN_FRAMEWORK_HEADER = YES;
				CLANG_WARN_RANGE_LOOP_ANALYSIS = YES;
				CLANG_WARN_STRICT_PROTOTYPES = YES;
				CLANG_WARN_SUSPICIOUS_MOVE = YES;
				CLANG_WARN_UNGUARDED_AVAILABILITY = YES_AGGRESSIVE;
				CLANG_WARN_UNREACHABLE_CODE = YES;
				CLANG_WARN__DUPLICATE_METHOD_MATCH = YES;
				COPY_PHASE_STRIP = NO;
				DEBUG_INFORMATION_FORMAT = dwarf;
				ENABLE_STRICT_OBJC_MSGSEND = YES;
				ENABLE_TESTABILITY = YES;
				ENABLE_USER_SCRIPT_SANDBOXING = YES;
				GCC_C_LANGUAGE_STANDARD = gnu17;
				GCC_DYNAMIC_NO_PIC = NO;
				GCC_NO_COMMON_BLOCKS = YES;
				GCC_OPTIMIZATION_LEVEL = 0;
				GCC_PREPROCESSOR_DEFINITIONS = (
					"DEBUG=1",
					"$(inherited)",
				);
				GCC_WARN_64_TO_32_BIT_CONVERSION = YES;
				GCC_WARN_ABOUT_RETURN_TYPE = YES_ERROR;
				GCC_WARN_UNDECLARED_SELECTOR = YES;
				GCC_WARN_UNINITIALIZED_AUTOS = YES_AGGRESSIVE;
				GCC_WARN_UNUSED_FUNCTION = YES;
				GCC_WARN_UNUSED_VARIABLE = YES;
				IPHONEOS_DEPLOYMENT_TARGET = 18.2;
				LOCALIZATION_PREFERS_STRING_CATALOGS = YES;
				MTL_ENABLE_DEBUG_INFO = INCLUDE_SOURCE;
				MTL_FAST_MATH = YES;
				ONLY_ACTIVE_ARCH = YES;
				SDKROOT = iphoneos;
				SWIFT_ACTIVE_COMPILATION_CONDITIONS = "DEBUG $(inherited)";
				SWIFT_OPTIMIZATION_LEVEL = "-Onone";
			};
			name = Debug;
		};
		2F213EE52DAE4CCF0047D5C1 /* Release */ = {
			isa = XCBuildConfiguration;
			buildSettings = {
				ALWAYS_SEARCH_USER_PATHS = NO;
				ASSETCATALOG_COMPILER_GENERATE_SWIFT_ASSET_SYMBOL_EXTENSIONS = YES;
				CLANG_ANALYZER_NONNULL = YES;
				CLANG_ANALYZER_NUMBER_OBJECT_CONVERSION = YES_AGGRESSIVE;
				CLANG_CXX_LANGUAGE_STANDARD = "gnu++20";
				CLANG_ENABLE_MODULES = YES;
				CLANG_ENABLE_OBJC_ARC = YES;
				CLANG_ENABLE_OBJC_WEAK = YES;
				CLANG_WARN_BLOCK_CAPTURE_AUTORELEASING = YES;
				CLANG_WARN_BOOL_CONVERSION = YES;
				CLANG_WARN_COMMA = YES;
				CLANG_WARN_CONSTANT_CONVERSION = YES;
				CLANG_WARN_DEPRECATED_OBJC_IMPLEMENTATIONS = YES;
				CLANG_WARN_DIRECT_OBJC_ISA_USAGE = YES_ERROR;
				CLANG_WARN_DOCUMENTATION_COMMENTS = YES;
				CLANG_WARN_EMPTY_BODY = YES;
				CLANG_WARN_ENUM_CONVERSION = YES;
				CLANG_WARN_INFINITE_RECURSION = YES;
				CLANG_WARN_INT_CONVERSION = YES;
				CLANG_WARN_NON_LITERAL_NULL_CONVERSION = YES;
				CLANG_WARN_OBJC_IMPLICIT_RETAIN_SELF = YES;
				CLANG_WARN_OBJC_LITERAL_CONVERSION = YES;
				CLANG_WARN_OBJC_ROOT_CLASS = YES_ERROR;
				CLANG_WARN_QUOTED_INCLUDE_IN_FRAMEWORK_HEADER = YES;
				CLANG_WARN_RANGE_LOOP_ANALYSIS = YES;
				CLANG_WARN_STRICT_PROTOTYPES = YES;
				CLANG_WARN_SUSPICIOUS_MOVE = YES;
				CLANG_WARN_UNGUARDED_AVAILABILITY = YES_AGGRESSIVE;
				CLANG_WARN_UNREACHABLE_CODE = YES;
				CLANG_WARN__DUPLICATE_METHOD_MATCH = YES;
				COPY_PHASE_STRIP = NO;
				DEBUG_INFORMATION_FORMAT = "dwarf-with-dsym";
				ENABLE_NS_ASSERTIONS = NO;
				ENABLE_STRICT_OBJC_MSGSEND = YES;
				ENABLE_USER_SCRIPT_SANDBOXING = YES;
				GCC_C_LANGUAGE_STANDARD = gnu17;
				GCC_NO_COMMON_BLOCKS = YES;
				GCC_WARN_64_TO_32_BIT_CONVERSION = YES;
				GCC_WARN_ABOUT_RETURN_TYPE = YES_ERROR;
				GCC_WARN_UNDECLARED_SELECTOR = YES;
				GCC_WARN_UNINITIALIZED_AUTOS = YES_AGGRESSIVE;
				GCC_WARN_UNUSED_FUNCTION = YES;
				GCC_WARN_UNUSED_VARIABLE = YES;
				IPHONEOS_DEPLOYMENT_TARGET = 18.2;
				LOCALIZATION_PREFERS_STRING_CATALOGS = YES;
				MTL_ENABLE_DEBUG_INFO = NO;
				MTL_FAST_MATH = YES;
				SDKROOT = iphoneos;
				SWIFT_COMPILATION_MODE = wholemodule;
				VALIDATE_PRODUCT = YES;
			};
			name = Release;
		};
		2F213EE72DAE4CCF0047D5C1 /* Debug */ = {
			isa = XCBuildConfiguration;
			baseConfigurationReference = EADBF33D2FD986C8FF663ED8 /* Pods-Ace-Technosys - UIKITTests.debug.xcconfig */;
			buildSettings = {
				BUNDLE_LOADER = "$(TEST_HOST)";
				CODE_SIGN_STYLE = Automatic;
				CURRENT_PROJECT_VERSION = 1;
				GENERATE_INFOPLIST_FILE = YES;
				IPHONEOS_DEPLOYMENT_TARGET = 18.2;
				MARKETING_VERSION = 1.0;
				PRODUCT_BUNDLE_IDENTIFIER = "nimishmothghare.Ace-Technosys---UIKITTests";
				PRODUCT_NAME = "$(TARGET_NAME)";
				SWIFT_EMIT_LOC_STRINGS = NO;
				SWIFT_VERSION = 5.0;
				TARGETED_DEVICE_FAMILY = "1,2";
				TEST_HOST = "$(BUILT_PRODUCTS_DIR)/Ace-Technosys - UIKIT.app/$(BUNDLE_EXECUTABLE_FOLDER_PATH)/Ace-Technosys - UIKIT";
			};
			name = Debug;
		};
		2F213EE82DAE4CCF0047D5C1 /* Release */ = {
			isa = XCBuildConfiguration;
			baseConfigurationReference = 62658B20A458CA5AFC954751 /* Pods-Ace-Technosys - UIKITTests.release.xcconfig */;
			buildSettings = {
				BUNDLE_LOADER = "$(TEST_HOST)";
				CODE_SIGN_STYLE = Automatic;
				CURRENT_PROJECT_VERSION = 1;
				GENERATE_INFOPLIST_FILE = YES;
				IPHONEOS_DEPLOYMENT_TARGET = 18.2;
				MARKETING_VERSION = 1.0;
				PRODUCT_BUNDLE_IDENTIFIER = "nimishmothghare.Ace-Technosys---UIKITTests";
				PRODUCT_NAME = "$(TARGET_NAME)";
				SWIFT_EMIT_LOC_STRINGS = NO;
				SWIFT_VERSION = 5.0;
				TARGETED_DEVICE_FAMILY = "1,2";
				TEST_HOST = "$(BUILT_PRODUCTS_DIR)/Ace-Technosys - UIKIT.app/$(BUNDLE_EXECUTABLE_FOLDER_PATH)/Ace-Technosys - UIKIT";
			};
			name = Release;
		};
		2F213EEA2DAE4CCF0047D5C1 /* Debug */ = {
			isa = XCBuildConfiguration;
			baseConfigurationReference = 31FBE85E155A0AEEAFDADFB6 /* Pods-Ace-Technosys - UIKIT-Ace-Technosys - UIKITUITests.debug.xcconfig */;
			buildSettings = {
				CODE_SIGN_STYLE = Automatic;
				CURRENT_PROJECT_VERSION = 1;
				GENERATE_INFOPLIST_FILE = YES;
				MARKETING_VERSION = 1.0;
				PRODUCT_BUNDLE_IDENTIFIER = "nimishmothghare.Ace-Technosys---UIKITUITests";
				PRODUCT_NAME = "$(TARGET_NAME)";
				SWIFT_EMIT_LOC_STRINGS = NO;
				SWIFT_VERSION = 5.0;
				TARGETED_DEVICE_FAMILY = "1,2";
				TEST_TARGET_NAME = "Ace-Technosys - UIKIT";
			};
			name = Debug;
		};
		2F213EEB2DAE4CCF0047D5C1 /* Release */ = {
			isa = XCBuildConfiguration;
			baseConfigurationReference = 6C2DE7F6F3C3EB26DDC38CEF /* Pods-Ace-Technosys - UIKIT-Ace-Technosys - UIKITUITests.release.xcconfig */;
			buildSettings = {
				CODE_SIGN_STYLE = Automatic;
				CURRENT_PROJECT_VERSION = 1;
				GENERATE_INFOPLIST_FILE = YES;
				MARKETING_VERSION = 1.0;
				PRODUCT_BUNDLE_IDENTIFIER = "nimishmothghare.Ace-Technosys---UIKITUITests";
				PRODUCT_NAME = "$(TARGET_NAME)";
				SWIFT_EMIT_LOC_STRINGS = NO;
				SWIFT_VERSION = 5.0;
				TARGETED_DEVICE_FAMILY = "1,2";
				TEST_TARGET_NAME = "Ace-Technosys - UIKIT";
			};
			name = Release;
		};
/* End XCBuildConfiguration section */

/* Begin XCConfigurationList section */
		2F213EB32DAE4CCC0047D5C1 /* Build configuration list for PBXProject "Ace-Technosys - UIKIT" */ = {
			isa = XCConfigurationList;
			buildConfigurations = (
				2F213EE42DAE4CCF0047D5C1 /* Debug */,
				2F213EE52DAE4CCF0047D5C1 /* Release */,
			);
			defaultConfigurationIsVisible = 0;
			defaultConfigurationName = Release;
		};
		2F213EE12DAE4CCF0047D5C1 /* Build configuration list for PBXNativeTarget "Ace-Technosys - UIKIT" */ = {
			isa = XCConfigurationList;
			buildConfigurations = (
				2F213EE22DAE4CCF0047D5C1 /* Debug */,
				2F213EE32DAE4CCF0047D5C1 /* Release */,
			);
			defaultConfigurationIsVisible = 0;
			defaultConfigurationName = Release;
		};
		2F213EE62DAE4CCF0047D5C1 /* Build configuration list for PBXNativeTarget "Ace-Technosys - UIKITTests" */ = {
			isa = XCConfigurationList;
			buildConfigurations = (
				2F213EE72DAE4CCF0047D5C1 /* Debug */,
				2F213EE82DAE4CCF0047D5C1 /* Release */,
			);
			defaultConfigurationIsVisible = 0;
			defaultConfigurationName = Release;
		};
		2F213EE92DAE4CCF0047D5C1 /* Build configuration list for PBXNativeTarget "Ace-Technosys - UIKITUITests" */ = {
			isa = XCConfigurationList;
			buildConfigurations = (
				2F213EEA2DAE4CCF0047D5C1 /* Debug */,
				2F213EEB2DAE4CCF0047D5C1 /* Release */,
			);
			defaultConfigurationIsVisible = 0;
			defaultConfigurationName = Release;
		};
/* End XCConfigurationList section */
	};
	rootObject = 2F213EB02DAE4CCC0047D5C1 /* Project object */;
}
